// !$*UTF8*$!
{
	archiveVersion = 1;
	classes = {
	};
	objectVersion = 50;
	objects = {

/* Begin PBXBuildFile section */
		D901E3E4221EAA5E00ABAA3F /* Storage.swift in Sources */ = {isa = PBXBuildFile; fileRef = D901E3E3221EAA5E00ABAA3F /* Storage.swift */; };
		D901E3E6221EABC700ABAA3F /* ImageViewController.swift in Sources */ = {isa = PBXBuildFile; fileRef = D901E3E5221EABC700ABAA3F /* ImageViewController.swift */; };
		D901E3EC221EBE9400ABAA3F /* MainTableViewController.swift in Sources */ = {isa = PBXBuildFile; fileRef = D901E3EB221EBE9400ABAA3F /* MainTableViewController.swift */; };
		D901E3F2221EC83400ABAA3F /* ImageSettingsViewController.swift in Sources */ = {isa = PBXBuildFile; fileRef = D901E3F1221EC83400ABAA3F /* ImageSettingsViewController.swift */; };
		D901E3F4221ECB9E00ABAA3F /* UserViewController.swift in Sources */ = {isa = PBXBuildFile; fileRef = D901E3F3221ECB9E00ABAA3F /* UserViewController.swift */; };
		D901E3F6221ECC3C00ABAA3F /* ImageSettings.swift in Sources */ = {isa = PBXBuildFile; fileRef = D901E3F5221ECC3C00ABAA3F /* ImageSettings.swift */; };
		D922EBB8221EFE2000B527B9 /* Extentsions.swift in Sources */ = {isa = PBXBuildFile; fileRef = D922EBB7221EFE2000B527B9 /* Extentsions.swift */; };
		D99BE94C221C874B00E468EF /* Data.swift in Sources */ = {isa = PBXBuildFile; fileRef = D99BE94B221C874B00E468EF /* Data.swift */; };
		D9C17756221BFB1000384D26 /* AppDelegate.swift in Sources */ = {isa = PBXBuildFile; fileRef = D9C17755221BFB1000384D26 /* AppDelegate.swift */; };
		D9C17758221BFB1000384D26 /* IntroViewController.swift in Sources */ = {isa = PBXBuildFile; fileRef = D9C17757221BFB1000384D26 /* IntroViewController.swift */; };
		D9C1775B221BFB1000384D26 /* Main.storyboard in Resources */ = {isa = PBXBuildFile; fileRef = D9C17759221BFB1000384D26 /* Main.storyboard */; };
		D9C1775D221BFB1100384D26 /* Assets.xcassets in Resources */ = {isa = PBXBuildFile; fileRef = D9C1775C221BFB1100384D26 /* Assets.xcassets */; };
		D9C17760221BFB1100384D26 /* LaunchScreen.storyboard in Resources */ = {isa = PBXBuildFile; fileRef = D9C1775E221BFB1100384D26 /* LaunchScreen.storyboard */; };
		D9C17768221C05B700384D26 /* SignInViewController.swift in Sources */ = {isa = PBXBuildFile; fileRef = D9C17767221C05B700384D26 /* SignInViewController.swift */; };
		D9C1776A221C05FD00384D26 /* SignUpViewController.swift in Sources */ = {isa = PBXBuildFile; fileRef = D9C17769221C05FD00384D26 /* SignUpViewController.swift */; };
/* End PBXBuildFile section */

/* Begin PBXFileReference section */
		D901E3E3221EAA5E00ABAA3F /* Storage.swift */ = {isa = PBXFileReference; lastKnownFileType = sourcecode.swift; path = Storage.swift; sourceTree = "<group>"; };
		D901E3E5221EABC700ABAA3F /* ImageViewController.swift */ = {isa = PBXFileReference; lastKnownFileType = sourcecode.swift; path = ImageViewController.swift; sourceTree = "<group>"; };
		D901E3EB221EBE9400ABAA3F /* MainTableViewController.swift */ = {isa = PBXFileReference; fileEncoding = 4; lastKnownFileType = sourcecode.swift; path = MainTableViewController.swift; sourceTree = "<group>"; };
		D901E3F1221EC83400ABAA3F /* ImageSettingsViewController.swift */ = {isa = PBXFileReference; lastKnownFileType = sourcecode.swift; path = ImageSettingsViewController.swift; sourceTree = "<group>"; };
		D901E3F3221ECB9E00ABAA3F /* UserViewController.swift */ = {isa = PBXFileReference; lastKnownFileType = sourcecode.swift; path = UserViewController.swift; sourceTree = "<group>"; };
		D901E3F5221ECC3C00ABAA3F /* ImageSettings.swift */ = {isa = PBXFileReference; lastKnownFileType = sourcecode.swift; path = ImageSettings.swift; sourceTree = "<group>"; };
		D922EBB7221EFE2000B527B9 /* Extentsions.swift */ = {isa = PBXFileReference; lastKnownFileType = sourcecode.swift; path = Extentsions.swift; sourceTree = "<group>"; };
		D99BE94B221C874B00E468EF /* Data.swift */ = {isa = PBXFileReference; lastKnownFileType = sourcecode.swift; path = Data.swift; sourceTree = "<group>"; };
		D9C17752221BFB1000384D26 /* Images.app */ = {isa = PBXFileReference; explicitFileType = wrapper.application; includeInIndex = 0; path = Images.app; sourceTree = BUILT_PRODUCTS_DIR; };
		D9C17755221BFB1000384D26 /* AppDelegate.swift */ = {isa = PBXFileReference; lastKnownFileType = sourcecode.swift; path = AppDelegate.swift; sourceTree = "<group>"; };
		D9C17757221BFB1000384D26 /* IntroViewController.swift */ = {isa = PBXFileReference; lastKnownFileType = sourcecode.swift; path = IntroViewController.swift; sourceTree = "<group>"; };
		D9C1775A221BFB1000384D26 /* Base */ = {isa = PBXFileReference; lastKnownFileType = file.storyboard; name = Base; path = Base.lproj/Main.storyboard; sourceTree = "<group>"; };
		D9C1775C221BFB1100384D26 /* Assets.xcassets */ = {isa = PBXFileReference; lastKnownFileType = folder.assetcatalog; path = Assets.xcassets; sourceTree = "<group>"; };
		D9C1775F221BFB1100384D26 /* Base */ = {isa = PBXFileReference; lastKnownFileType = file.storyboard; name = Base; path = Base.lproj/LaunchScreen.storyboard; sourceTree = "<group>"; };
		D9C17761221BFB1100384D26 /* Info.plist */ = {isa = PBXFileReference; lastKnownFileType = text.plist.xml; path = Info.plist; sourceTree = "<group>"; };
		D9C17767221C05B700384D26 /* SignInViewController.swift */ = {isa = PBXFileReference; lastKnownFileType = sourcecode.swift; path = SignInViewController.swift; sourceTree = "<group>"; };
		D9C17769221C05FD00384D26 /* SignUpViewController.swift */ = {isa = PBXFileReference; lastKnownFileType = sourcecode.swift; path = SignUpViewController.swift; sourceTree = "<group>"; };
/* End PBXFileReference section */

/* Begin PBXFrameworksBuildPhase section */
		D9C1774F221BFB1000384D26 /* Frameworks */ = {
			isa = PBXFrameworksBuildPhase;
			buildActionMask = 2147483647;
			files = (
			);
			runOnlyForDeploymentPostprocessing = 0;
		};
/* End PBXFrameworksBuildPhase section */

/* Begin PBXGroup section */
		D99BE948221C86BE00E468EF /* Controllers */ = {
			isa = PBXGroup;
			children = (
				D9C17757221BFB1000384D26 /* IntroViewController.swift */,
				D9C17767221C05B700384D26 /* SignInViewController.swift */,
				D9C17769221C05FD00384D26 /* SignUpViewController.swift */,
				D901E3EB221EBE9400ABAA3F /* MainTableViewController.swift */,
				D901E3E5221EABC700ABAA3F /* ImageViewController.swift */,
				D901E3F1221EC83400ABAA3F /* ImageSettingsViewController.swift */,
				D901E3F3221ECB9E00ABAA3F /* UserViewController.swift */,
			);
			path = Controllers;
			sourceTree = "<group>";
		};
		D99BE949221C86D700E468EF /* Views */ = {
			isa = PBXGroup;
			children = (
				D9C1775E221BFB1100384D26 /* LaunchScreen.storyboard */,
				D9C17759221BFB1000384D26 /* Main.storyboard */,
			);
			path = Views;
			sourceTree = "<group>";
		};
		D99BE94A221C873700E468EF /* Models */ = {
			isa = PBXGroup;
			children = (
				D99BE94B221C874B00E468EF /* Data.swift */,
				D901E3E3221EAA5E00ABAA3F /* Storage.swift */,
				D901E3F5221ECC3C00ABAA3F /* ImageSettings.swift */,
				D922EBB7221EFE2000B527B9 /* Extentsions.swift */,
			);
			path = Models;
			sourceTree = "<group>";
		};
		D9C17749221BFB1000384D26 = {
			isa = PBXGroup;
			children = (
				D9C17754221BFB1000384D26 /* Images */,
				D9C17753221BFB1000384D26 /* Products */,
			);
			sourceTree = "<group>";
		};
		D9C17753221BFB1000384D26 /* Products */ = {
			isa = PBXGroup;
			children = (
				D9C17752221BFB1000384D26 /* Images.app */,
			);
			name = Products;
			sourceTree = "<group>";
		};
		D9C17754221BFB1000384D26 /* Images */ = {
			isa = PBXGroup;
			children = (
				D9C17755221BFB1000384D26 /* AppDelegate.swift */,
				D99BE94A221C873700E468EF /* Models */,
				D99BE948221C86BE00E468EF /* Controllers */,
				D99BE949221C86D700E468EF /* Views */,
				D9C1775C221BFB1100384D26 /* Assets.xcassets */,
				D9C17761221BFB1100384D26 /* Info.plist */,
			);
			path = Images;
			sourceTree = "<group>";
		};
/* End PBXGroup section */

/* Begin PBXNativeTarget section */
		D9C17751221BFB1000384D26 /* Images */ = {
			isa = PBXNativeTarget;
			buildConfigurationList = D9C17764221BFB1100384D26 /* Build configuration list for PBXNativeTarget "Images" */;
			buildPhases = (
				D9C1774E221BFB1000384D26 /* Sources */,
				D9C1774F221BFB1000384D26 /* Frameworks */,
				D9C17750221BFB1000384D26 /* Resources */,
			);
			buildRules = (
			);
			dependencies = (
			);
			name = Images;
			productName = Images;
			productReference = D9C17752221BFB1000384D26 /* Images.app */;
			productType = "com.apple.product-type.application";
		};
/* End PBXNativeTarget section */

/* Begin PBXProject section */
		D9C1774A221BFB1000384D26 /* Project object */ = {
			isa = PBXProject;
			attributes = {
				LastSwiftUpdateCheck = 1010;
				LastUpgradeCheck = 1010;
				ORGANIZATIONNAME = "Johansson Group";
				TargetAttributes = {
					D9C17751221BFB1000384D26 = {
						CreatedOnToolsVersion = 10.1;
					};
				};
			};
			buildConfigurationList = D9C1774D221BFB1000384D26 /* Build configuration list for PBXProject "Images" */;
			compatibilityVersion = "Xcode 9.3";
			developmentRegion = en;
			hasScannedForEncodings = 0;
			knownRegions = (
				en,
				Base,
			);
			mainGroup = D9C17749221BFB1000384D26;
			productRefGroup = D9C17753221BFB1000384D26 /* Products */;
			projectDirPath = "";
			projectRoot = "";
			targets = (
				D9C17751221BFB1000384D26 /* Images */,
			);
		};
/* End PBXProject section */

/* Begin PBXResourcesBuildPhase section */
		D9C17750221BFB1000384D26 /* Resources */ = {
			isa = PBXResourcesBuildPhase;
			buildActionMask = 2147483647;
			files = (
				D9C17760221BFB1100384D26 /* LaunchScreen.storyboard in Resources */,
				D9C1775D221BFB1100384D26 /* Assets.xcassets in Resources */,
				D9C1775B221BFB1000384D26 /* Main.storyboard in Resources */,
			);
			runOnlyForDeploymentPostprocessing = 0;
		};
/* End PBXResourcesBuildPhase section */

/* Begin PBXSourcesBuildPhase section */
		D9C1774E221BFB1000384D26 /* Sources */ = {
			isa = PBXSourcesBuildPhase;
			buildActionMask = 2147483647;
			files = (
				D9C17758221BFB1000384D26 /* IntroViewController.swift in Sources */,
				D901E3F4221ECB9E00ABAA3F /* UserViewController.swift in Sources */,
				D901E3E4221EAA5E00ABAA3F /* Storage.swift in Sources */,
				D901E3F2221EC83400ABAA3F /* ImageSettingsViewController.swift in Sources */,
				D99BE94C221C874B00E468EF /* Data.swift in Sources */,
				D9C17756221BFB1000384D26 /* AppDelegate.swift in Sources */,
				D901E3EC221EBE9400ABAA3F /* MainTableViewController.swift in Sources */,
				D901E3F6221ECC3C00ABAA3F /* ImageSettings.swift in Sources */,
				D922EBB8221EFE2000B527B9 /* Extentsions.swift in Sources */,
				D9C1776A221C05FD00384D26 /* SignUpViewController.swift in Sources */,
				D901E3E6221EABC700ABAA3F /* ImageViewController.swift in Sources */,
				D9C17768221C05B700384D26 /* SignInViewController.swift in Sources */,
			);
			runOnlyForDeploymentPostprocessing = 0;
		};
/* End PBXSourcesBuildPhase section */

/* Begin PBXVariantGroup section */
		D9C17759221BFB1000384D26 /* Main.storyboard */ = {
			isa = PBXVariantGroup;
			children = (
				D9C1775A221BFB1000384D26 /* Base */,
			);
			name = Main.storyboard;
			sourceTree = "<group>";
		};
		D9C1775E221BFB1100384D26 /* LaunchScreen.storyboard */ = {
			isa = PBXVariantGroup;
			children = (
				D9C1775F221BFB1100384D26 /* Base */,
			);
			name = LaunchScreen.storyboard;
			sourceTree = "<group>";
		};
/* End PBXVariantGroup section */

/* Begin XCBuildConfiguration section */
		D9C17762221BFB1100384D26 /* Debug */ = {
			isa = XCBuildConfiguration;
			buildSettings = {
				ALWAYS_SEARCH_USER_PATHS = NO;
				CLANG_ANALYZER_NONNULL = YES;
				CLANG_ANALYZER_NUMBER_OBJECT_CONVERSION = YES_AGGRESSIVE;
				CLANG_CXX_LANGUAGE_STANDARD = "gnu++14";
				CLANG_CXX_LIBRARY = "libc++";
				CLANG_ENABLE_MODULES = YES;
				CLANG_ENABLE_OBJC_ARC = YES;
				CLANG_ENABLE_OBJC_WEAK = YES;
				CLANG_WARN_BLOCK_CAPTURE_AUTORELEASING = YES;
				CLANG_WARN_BOOL_CONVERSION = YES;
				CLANG_WARN_COMMA = YES;
				CLANG_WARN_CONSTANT_CONVERSION = YES;
				CLANG_WARN_DEPRECATED_OBJC_IMPLEMENTATIONS = YES;
				CLANG_WARN_DIRECT_OBJC_ISA_USAGE = YES_ERROR;
				CLANG_WARN_DOCUMENTATION_COMMENTS = YES;
				CLANG_WARN_EMPTY_BODY = YES;
				CLANG_WARN_ENUM_CONVERSION = YES;
				CLANG_WARN_INFINITE_RECURSION = YES;
				CLANG_WARN_INT_CONVERSION = YES;
				CLANG_WARN_NON_LITERAL_NULL_CONVERSION = YES;
				CLANG_WARN_OBJC_IMPLICIT_RETAIN_SELF = YES;
				CLANG_WARN_OBJC_LITERAL_CONVERSION = YES;
				CLANG_WARN_OBJC_ROOT_CLASS = YES_ERROR;
				CLANG_WARN_RANGE_LOOP_ANALYSIS = YES;
				CLANG_WARN_STRICT_PROTOTYPES = YES;
				CLANG_WARN_SUSPICIOUS_MOVE = YES;
				CLANG_WARN_UNGUARDED_AVAILABILITY = YES_AGGRESSIVE;
				CLANG_WARN_UNREACHABLE_CODE = YES;
				CLANG_WARN__DUPLICATE_METHOD_MATCH = YES;
				CODE_SIGN_IDENTITY = "iPhone Developer";
				COPY_PHASE_STRIP = NO;
				DEBUG_INFORMATION_FORMAT = dwarf;
				ENABLE_STRICT_OBJC_MSGSEND = YES;
				ENABLE_TESTABILITY = YES;
				GCC_C_LANGUAGE_STANDARD = gnu11;
				GCC_DYNAMIC_NO_PIC = NO;
				GCC_NO_COMMON_BLOCKS = YES;
				GCC_OPTIMIZATION_LEVEL = 0;
				GCC_PREPROCESSOR_DEFINITIONS = (
					"DEBUG=1",
					"$(inherited)",
				);
				GCC_WARN_64_TO_32_BIT_CONVERSION = YES;
				GCC_WARN_ABOUT_RETURN_TYPE = YES_ERROR;
				GCC_WARN_UNDECLARED_SELECTOR = YES;
				GCC_WARN_UNINITIALIZED_AUTOS = YES_AGGRESSIVE;
				GCC_WARN_UNUSED_FUNCTION = YES;
				GCC_WARN_UNUSED_VARIABLE = YES;
				IPHONEOS_DEPLOYMENT_TARGET = 12.1;
				MTL_ENABLE_DEBUG_INFO = INCLUDE_SOURCE;
				MTL_FAST_MATH = YES;
				ONLY_ACTIVE_ARCH = YES;
				SDKROOT = iphoneos;
				SWIFT_ACTIVE_COMPILATION_CONDITIONS = DEBUG;
				SWIFT_OPTIMIZATION_LEVEL = "-Onone";
			};
			name = Debug;
		};
		D9C17763221BFB1100384D26 /* Release */ = {
			isa = XCBuildConfiguration;
			buildSettings = {
				ALWAYS_SEARCH_USER_PATHS = NO;
				CLANG_ANALYZER_NONNULL = YES;
				CLANG_ANALYZER_NUMBER_OBJECT_CONVERSION = YES_AGGRESSIVE;
				CLANG_CXX_LANGUAGE_STANDARD = "gnu++14";
				CLANG_CXX_LIBRARY = "libc++";
				CLANG_ENABLE_MODULES = YES;
				CLANG_ENABLE_OBJC_ARC = YES;
				CLANG_ENABLE_OBJC_WEAK = YES;
				CLANG_WARN_BLOCK_CAPTURE_AUTORELEASING = YES;
				CLANG_WARN_BOOL_CONVERSION = YES;
				CLANG_WARN_COMMA = YES;
				CLANG_WARN_CONSTANT_CONVERSION = YES;
				CLANG_WARN_DEPRECATED_OBJC_IMPLEMENTATIONS = YES;
				CLANG_WARN_DIRECT_OBJC_ISA_USAGE = YES_ERROR;
				CLANG_WARN_DOCUMENTATION_COMMENTS = YES;
				CLANG_WARN_EMPTY_BODY = YES;
				CLANG_WARN_ENUM_CONVERSION = YES;
				CLANG_WARN_INFINITE_RECURSION = YES;
				CLANG_WARN_INT_CONVERSION = YES;
				CLANG_WARN_NON_LITERAL_NULL_CONVERSION = YES;
				CLANG_WARN_OBJC_IMPLICIT_RETAIN_SELF = YES;
				CLANG_WARN_OBJC_LITERAL_CONVERSION = YES;
				CLANG_WARN_OBJC_ROOT_CLASS = YES_ERROR;
				CLANG_WARN_RANGE_LOOP_ANALYSIS = YES;
				CLANG_WARN_STRICT_PROTOTYPES = YES;
				CLANG_WARN_SUSPICIOUS_MOVE = YES;
				CLANG_WARN_UNGUARDED_AVAILABILITY = YES_AGGRESSIVE;
				CLANG_WARN_UNREACHABLE_CODE = YES;
				CLANG_WARN__DUPLICATE_METHOD_MATCH = YES;
				CODE_SIGN_IDENTITY = "iPhone Developer";
				COPY_PHASE_STRIP = NO;
				DEBUG_INFORMATION_FORMAT = "dwarf-with-dsym";
				ENABLE_NS_ASSERTIONS = NO;
				ENABLE_STRICT_OBJC_MSGSEND = YES;
				GCC_C_LANGUAGE_STANDARD = gnu11;
				GCC_NO_COMMON_BLOCKS = YES;
				GCC_WARN_64_TO_32_BIT_CONVERSION = YES;
				GCC_WARN_ABOUT_RETURN_TYPE = YES_ERROR;
				GCC_WARN_UNDECLARED_SELECTOR = YES;
				GCC_WARN_UNINITIALIZED_AUTOS = YES_AGGRESSIVE;
				GCC_WARN_UNUSED_FUNCTION = YES;
				GCC_WARN_UNUSED_VARIABLE = YES;
				IPHONEOS_DEPLOYMENT_TARGET = 12.1;
				MTL_ENABLE_DEBUG_INFO = NO;
				MTL_FAST_MATH = YES;
				SDKROOT = iphoneos;
				SWIFT_COMPILATION_MODE = wholemodule;
				SWIFT_OPTIMIZATION_LEVEL = "-O";
				VALIDATE_PRODUCT = YES;
			};
			name = Release;
		};
		D9C17765221BFB1100384D26 /* Debug */ = {
			isa = XCBuildConfiguration;
			buildSettings = {
				ALWAYS_EMBED_SWIFT_STANDARD_LIBRARIES = YES;
				ASSETCATALOG_COMPILER_APPICON_NAME = AppIcon;
				CODE_SIGN_STYLE = Automatic;
				DEVELOPMENT_TEAM = B4FXKBHXYA;
				INFOPLIST_FILE = Images/Info.plist;
				LD_RUNPATH_SEARCH_PATHS = (
					"$(inherited)",
					"@executable_path/Frameworks",
				);
				PRODUCT_BUNDLE_IDENTIFIER = JG.Images;
				PRODUCT_NAME = "$(TARGET_NAME)";
				SWIFT_VERSION = 4.2;
				TARGETED_DEVICE_FAMILY = "1,2";
			};
			name = Debug;
		};
		D9C17766221BFB1100384D26 /* Release */ = {
			isa = XCBuildConfiguration;
			buildSettings = {
				ALWAYS_EMBED_SWIFT_STANDARD_LIBRARIES = YES;
				ASSETCATALOG_COMPILER_APPICON_NAME = AppIcon;
				CODE_SIGN_STYLE = Automatic;
				DEVELOPMENT_TEAM = B4FXKBHXYA;
				INFOPLIST_FILE = Images/Info.plist;
				LD_RUNPATH_SEARCH_PATHS = (
					"$(inherited)",
					"@executable_path/Frameworks",
				);
				PRODUCT_BUNDLE_IDENTIFIER = JG.Images;
				PRODUCT_NAME = "$(TARGET_NAME)";
				SWIFT_VERSION = 4.2;
				TARGETED_DEVICE_FAMILY = "1,2";
			};
			name = Release;
		};
/* End XCBuildConfiguration section */

/* Begin XCConfigurationList section */
		D9C1774D221BFB1000384D26 /* Build configuration list for PBXProject "Images" */ = {
			isa = XCConfigurationList;
			buildConfigurations = (
				D9C17762221BFB1100384D26 /* Debug */,
				D9C17763221BFB1100384D26 /* Release */,
			);
			defaultConfigurationIsVisible = 0;
			defaultConfigurationName = Release;
		};
		D9C17764221BFB1100384D26 /* Build configuration list for PBXNativeTarget "Images" */ = {
			isa = XCConfigurationList;
			buildConfigurations = (
				D9C17765221BFB1100384D26 /* Debug */,
				D9C17766221BFB1100384D26 /* Release */,
			);
			defaultConfigurationIsVisible = 0;
			defaultConfigurationName = Release;
		};
/* End XCConfigurationList section */
	};
	rootObject = D9C1774A221BFB1000384D26 /* Project object */;
}
